
Microsoft Visual Studio Solution File, Format Version 12.00
# Visual Studio Version 16
VisualStudioVersion = 16.0.29306.81
MinimumVisualStudioVersion = 10.0.40219.1
Project("{FAE04EC0-301F-11D3-BF4B-00C04F79EFBC}") = "BloodBankSystem", "BloodBankSystem\BloodBankSystem.csproj", "{8EE93A1E-0B07-4476-8B1E-8D407102352D}"
EndProject
Global
	GlobalSection(SolutionConfigurationPlatforms) = preSolution
		Debug|Any CPU = Debug|Any CPU
		Release|Any CPU = Release|Any CPU
	EndGlobalSection
	GlobalSection(ProjectConfigurationPlatforms) = postSolution
		{8EE93A1E-0B07-4476-8B1E-8D407102352D}.Debug|Any CPU.ActiveCfg = Debug|Any CPU
		{8EE93A1E-0B07-4476-8B1E-8D407102352D}.Debug|Any CPU.Build.0 = Debug|Any CPU
		{8EE93A1E-0B07-4476-8B1E-8D407102352D}.Release|Any CPU.ActiveCfg = Release|Any CPU
		{8EE93A1E-0B07-4476-8B1E-8D407102352D}.Release|Any CPU.Build.0 = Release|Any CPU
	EndGlobalSection
	GlobalSection(SolutionProperties) = preSolution
		HideSolutionNode = FALSE
	EndGlobalSection
	GlobalSection(ExtensibilityGlobals) = postSolution
		SolutionGuid = {41533722-4959-4311-9EAB-F5A53D1B4184}
	EndGlobalSection
EndGlobal
